
Microsoft Visual Studio Solution File, Format Version 12.00
# Visual Studio Version 17
VisualStudioVersion = 17.14.36603.0
MinimumVisualStudioVersion = 10.0.40219.1
Project("{FAE04EC0-301F-11D3-BF4B-00C04F79EFBC}") = "BlazorDashboard", "BlazorDashboard\BlazorDashboard.csproj", "{1B69EFA9-F809-4BFD-810C-0166BE08946B}"
EndProject
Project("{2150E333-8FDC-42A3-9474-1A3956D46DE8}") = "tests", "tests", "{C8D5274F-AC00-46C7-1F8D-E88E81087A52}"
EndProject
Project("{FAE04EC0-301F-11D3-BF4B-00C04F79EFBC}") = "BlazorDashboard.Tests", "BlazorDashboard.Tests\BlazorDashboard.Tests.csproj", "{A9480B24-0156-45AF-BDB2-2958E0D82D6D}"
EndProject
Global
	GlobalSection(SolutionConfigurationPlatforms) = preSolution
		Debug|Any CPU = Debug|Any CPU
		Release|Any CPU = Release|Any CPU
	EndGlobalSection
	GlobalSection(ProjectConfigurationPlatforms) = postSolution
		{1B69EFA9-F809-4BFD-810C-0166BE08946B}.Debug|Any CPU.ActiveCfg = Debug|Any CPU
		{1B69EFA9-F809-4BFD-810C-0166BE08946B}.Debug|Any CPU.Build.0 = Debug|Any CPU
		{1B69EFA9-F809-4BFD-810C-0166BE08946B}.Release|Any CPU.ActiveCfg = Release|Any CPU
		{1B69EFA9-F809-4BFD-810C-0166BE08946B}.Release|Any CPU.Build.0 = Release|Any CPU
		{A9480B24-0156-45AF-BDB2-2958E0D82D6D}.Debug|Any CPU.ActiveCfg = Debug|Any CPU
		{A9480B24-0156-45AF-BDB2-2958E0D82D6D}.Debug|Any CPU.Build.0 = Debug|Any CPU
		{A9480B24-0156-45AF-BDB2-2958E0D82D6D}.Release|Any CPU.ActiveCfg = Release|Any CPU
		{A9480B24-0156-45AF-BDB2-2958E0D82D6D}.Release|Any CPU.Build.0 = Release|Any CPU
	EndGlobalSection
	GlobalSection(SolutionProperties) = preSolution
		HideSolutionNode = FALSE
	EndGlobalSection
	GlobalSection(NestedProjects) = preSolution
		{A9480B24-0156-45AF-BDB2-2958E0D82D6D} = {C8D5274F-AC00-46C7-1F8D-E88E81087A52}
	EndGlobalSection
	GlobalSection(ExtensibilityGlobals) = postSolution
		SolutionGuid = {ABB76627-CFC3-4771-9D5D-078328DD4338}
	EndGlobalSection
EndGlobal
